
Microsoft Visual Studio Solution File, Format Version 12.00
# Visual Studio Version 16
VisualStudioVersion = 16.0.29503.13
MinimumVisualStudioVersion = 10.0.40219.1
Project("{FAE04EC0-301F-11D3-BF4B-00C04F79EFBC}") = "ObserverPattern", "ObserverPattern.csproj", "{2E388F38-737A-4C36-AED6-55996A4FEDA8}"
EndProject
Global
	GlobalSection(SolutionConfigurationPlatforms) = preSolution
		Debug|Any CPU = Debug|Any CPU
		Release|Any CPU = Release|Any CPU
	EndGlobalSection
	GlobalSection(ProjectConfigurationPlatforms) = postSolution
		{2E388F38-737A-4C36-AED6-55996A4FEDA8}.Debug|Any CPU.ActiveCfg = Debug|Any CPU
		{2E388F38-737A-4C36-AED6-55996A4FEDA8}.Debug|Any CPU.Build.0 = Debug|Any CPU
		{2E388F38-737A-4C36-AED6-55996A4FEDA8}.Release|Any CPU.ActiveCfg = Release|Any CPU
		{2E388F38-737A-4C36-AED6-55996A4FEDA8}.Release|Any CPU.Build.0 = Release|Any CPU
	EndGlobalSection
	GlobalSection(SolutionProperties) = preSolution
		HideSolutionNode = FALSE
	EndGlobalSection
	GlobalSection(ExtensibilityGlobals) = postSolution
		SolutionGuid = {755A4CB1-186A-45BE-8331-AF14A46F2EA4}
	EndGlobalSection
EndGlobal
